// !$*UTF8*$!
{
	archiveVersion = 1;
	classes = {
	};
	objectVersion = 56;
	objects = {

/* Begin PBXBuildFile section */
		BD1B43422A38BF8A001E36C5 /* GlowToneApp.swift in Sources */ = {isa = PBXBuildFile; fileRef = BD1B43412A38BF8A001E36C5 /* GlowToneApp.swift */; };
		BD1B43442A38BF8A001E36C5 /* ContentView.swift in Sources */ = {isa = PBXBuildFile; fileRef = BD1B43432A38BF8A001E36C5 /* ContentView.swift */; };
		BD1B43512A38C4AA001E36C5 /* FLAnimatedImage in Frameworks */ = {isa = PBXBuildFile; productRef = BD1B43502A38C4AA001E36C5 /* FLAnimatedImage */; };
		BD1B43552A390277001E36C5 /* view3.swift in Sources */ = {isa = PBXBuildFile; fileRef = BD1B43542A390277001E36C5 /* view3.swift */; };
		BD3B2DA82A3A14D300D40174 /* view2.swift in Sources */ = {isa = PBXBuildFile; fileRef = BD3B2DA72A3A14D300D40174 /* view2.swift */; };
		BD3B2DAA2A3A267300D40174 /* view4.swift in Sources */ = {isa = PBXBuildFile; fileRef = BD3B2DA92A3A267300D40174 /* view4.swift */; };
		BD3B2DAC2A3A27BD00D40174 /* view5.swift in Sources */ = {isa = PBXBuildFile; fileRef = BD3B2DAB2A3A27BD00D40174 /* view5.swift */; };
		BD3B2DB02A3A404F00D40174 /* quizhair1.swift in Sources */ = {isa = PBXBuildFile; fileRef = BD3B2DAF2A3A404F00D40174 /* quizhair1.swift */; };
		BD6EED7D2A3A57B700B950B5 /* quizhair2.swift in Sources */ = {isa = PBXBuildFile; fileRef = BD6EED7C2A3A57B700B950B5 /* quizhair2.swift */; };
		BD6EED7F2A3A580A00B950B5 /* quizhair3.swift in Sources */ = {isa = PBXBuildFile; fileRef = BD6EED7E2A3A580A00B950B5 /* quizhair3.swift */; };
		BD6EED812A3A588A00B950B5 /* quizhair4.swift in Sources */ = {isa = PBXBuildFile; fileRef = BD6EED802A3A588A00B950B5 /* quizhair4.swift */; };
		BD6EED832A3A58C100B950B5 /* quizhair5.swift in Sources */ = {isa = PBXBuildFile; fileRef = BD6EED822A3A58C100B950B5 /* quizhair5.swift */; };
		BD6EED852A3A58DB00B950B5 /* quizhair6.swift in Sources */ = {isa = PBXBuildFile; fileRef = BD6EED842A3A58DB00B950B5 /* quizhair6.swift */; };
		BD6EED872A3A594600B950B5 /* quiz2.swift in Sources */ = {isa = PBXBuildFile; fileRef = BD6EED862A3A594600B950B5 /* quiz2.swift */; };
		BD6EED892A3A5EAD00B950B5 /* quiz3.swift in Sources */ = {isa = PBXBuildFile; fileRef = BD6EED882A3A5EAD00B950B5 /* quiz3.swift */; };
		BD6EED8D2A3B592B00B950B5 /* quizeye2.swift in Sources */ = {isa = PBXBuildFile; fileRef = BD6EED8C2A3B592B00B950B5 /* quizeye2.swift */; };
		BD6EED8F2A3B594200B950B5 /* quizeye3.swift in Sources */ = {isa = PBXBuildFile; fileRef = BD6EED8E2A3B594200B950B5 /* quizeye3.swift */; };
		BD6EED912A3B595B00B950B5 /* quizeye4.swift in Sources */ = {isa = PBXBuildFile; fileRef = BD6EED902A3B595B00B950B5 /* quizeye4.swift */; };
		BD6EED932A3B596700B950B5 /* quizeye5.swift in Sources */ = {isa = PBXBuildFile; fileRef = BD6EED922A3B596700B950B5 /* quizeye5.swift */; };
		BD6EED952A3B597600B950B5 /* quizeye6.swift in Sources */ = {isa = PBXBuildFile; fileRef = BD6EED942A3B597600B950B5 /* quizeye6.swift */; };
		BD6EED972A3B5A6A00B950B5 /* quizskin1.swift in Sources */ = {isa = PBXBuildFile; fileRef = BD6EED962A3B5A6A00B950B5 /* quizskin1.swift */; };
		BD6EED992A3B5A7E00B950B5 /* quizskin2.swift in Sources */ = {isa = PBXBuildFile; fileRef = BD6EED982A3B5A7E00B950B5 /* quizskin2.swift */; };
		BD6EED9D2A3B5A9700B950B5 /* quizskin4.swift in Sources */ = {isa = PBXBuildFile; fileRef = BD6EED9C2A3B5A9700B950B5 /* quizskin4.swift */; };
		BD6EED9F2A3B5AA300B950B5 /* quizskin5.swift in Sources */ = {isa = PBXBuildFile; fileRef = BD6EED9E2A3B5AA300B950B5 /* quizskin5.swift */; };
		BD6EEDA12A3B5AC400B950B5 /* quizskin6.swift in Sources */ = {isa = PBXBuildFile; fileRef = BD6EEDA02A3B5AC400B950B5 /* quizskin6.swift */; };
		BD7D89ED2A3CB7BF00484F7F /* Assets.xcassets in Resources */ = {isa = PBXBuildFile; fileRef = BD7D89EC2A3CB7BF00484F7F /* Assets.xcassets */; };
		BD88CA822A3B8D7600A1865A /* results.swift in Sources */ = {isa = PBXBuildFile; fileRef = BD88CA812A3B8D7600A1865A /* results.swift */; };
/* End PBXBuildFile section */

/* Begin PBXFileReference section */
		BD1B433E2A38BF8A001E36C5 /* GlowTone.app */ = {isa = PBXFileReference; explicitFileType = wrapper.application; includeInIndex = 0; path = GlowTone.app; sourceTree = BUILT_PRODUCTS_DIR; };
		BD1B43412A38BF8A001E36C5 /* GlowToneApp.swift */ = {isa = PBXFileReference; lastKnownFileType = sourcecode.swift; path = GlowToneApp.swift; sourceTree = "<group>"; };
		BD1B43432A38BF8A001E36C5 /* ContentView.swift */ = {isa = PBXFileReference; lastKnownFileType = sourcecode.swift; path = ContentView.swift; sourceTree = "<group>"; };
		BD1B43542A390277001E36C5 /* view3.swift */ = {isa = PBXFileReference; lastKnownFileType = sourcecode.swift; path = view3.swift; sourceTree = "<group>"; };
		BD3B2DA72A3A14D300D40174 /* view2.swift */ = {isa = PBXFileReference; lastKnownFileType = sourcecode.swift; path = view2.swift; sourceTree = "<group>"; };
		BD3B2DA92A3A267300D40174 /* view4.swift */ = {isa = PBXFileReference; lastKnownFileType = sourcecode.swift; path = view4.swift; sourceTree = "<group>"; };
		BD3B2DAB2A3A27BD00D40174 /* view5.swift */ = {isa = PBXFileReference; lastKnownFileType = sourcecode.swift; path = view5.swift; sourceTree = "<group>"; };
		BD3B2DAF2A3A404F00D40174 /* quizhair1.swift */ = {isa = PBXFileReference; lastKnownFileType = sourcecode.swift; path = quizhair1.swift; sourceTree = "<group>"; };
		BD6EED7C2A3A57B700B950B5 /* quizhair2.swift */ = {isa = PBXFileReference; lastKnownFileType = sourcecode.swift; path = quizhair2.swift; sourceTree = "<group>"; };
		BD6EED7E2A3A580A00B950B5 /* quizhair3.swift */ = {isa = PBXFileReference; lastKnownFileType = sourcecode.swift; path = quizhair3.swift; sourceTree = "<group>"; };
		BD6EED802A3A588A00B950B5 /* quizhair4.swift */ = {isa = PBXFileReference; lastKnownFileType = sourcecode.swift; path = quizhair4.swift; sourceTree = "<group>"; };
		BD6EED822A3A58C100B950B5 /* quizhair5.swift */ = {isa = PBXFileReference; lastKnownFileType = sourcecode.swift; path = quizhair5.swift; sourceTree = "<group>"; };
		BD6EED842A3A58DB00B950B5 /* quizhair6.swift */ = {isa = PBXFileReference; lastKnownFileType = sourcecode.swift; path = quizhair6.swift; sourceTree = "<group>"; };
		BD6EED862A3A594600B950B5 /* quiz2.swift */ = {isa = PBXFileReference; lastKnownFileType = sourcecode.swift; path = quiz2.swift; sourceTree = "<group>"; };
		BD6EED882A3A5EAD00B950B5 /* quiz3.swift */ = {isa = PBXFileReference; lastKnownFileType = sourcecode.swift; path = quiz3.swift; sourceTree = "<group>"; };
		BD6EED8C2A3B592B00B950B5 /* quizeye2.swift */ = {isa = PBXFileReference; lastKnownFileType = sourcecode.swift; path = quizeye2.swift; sourceTree = "<group>"; };
		BD6EED8E2A3B594200B950B5 /* quizeye3.swift */ = {isa = PBXFileReference; lastKnownFileType = sourcecode.swift; path = quizeye3.swift; sourceTree = "<group>"; };
		BD6EED902A3B595B00B950B5 /* quizeye4.swift */ = {isa = PBXFileReference; lastKnownFileType = sourcecode.swift; path = quizeye4.swift; sourceTree = "<group>"; };
		BD6EED922A3B596700B950B5 /* quizeye5.swift */ = {isa = PBXFileReference; lastKnownFileType = sourcecode.swift; path = quizeye5.swift; sourceTree = "<group>"; };
		BD6EED942A3B597600B950B5 /* quizeye6.swift */ = {isa = PBXFileReference; lastKnownFileType = sourcecode.swift; path = quizeye6.swift; sourceTree = "<group>"; };
		BD6EED962A3B5A6A00B950B5 /* quizskin1.swift */ = {isa = PBXFileReference; lastKnownFileType = sourcecode.swift; path = quizskin1.swift; sourceTree = "<group>"; };
		BD6EED982A3B5A7E00B950B5 /* quizskin2.swift */ = {isa = PBXFileReference; lastKnownFileType = sourcecode.swift; path = quizskin2.swift; sourceTree = "<group>"; };
		BD6EED9C2A3B5A9700B950B5 /* quizskin4.swift */ = {isa = PBXFileReference; lastKnownFileType = sourcecode.swift; path = quizskin4.swift; sourceTree = "<group>"; };
		BD6EED9E2A3B5AA300B950B5 /* quizskin5.swift */ = {isa = PBXFileReference; lastKnownFileType = sourcecode.swift; path = quizskin5.swift; sourceTree = "<group>"; };
		BD6EEDA02A3B5AC400B950B5 /* quizskin6.swift */ = {isa = PBXFileReference; lastKnownFileType = sourcecode.swift; path = quizskin6.swift; sourceTree = "<group>"; };
		BD7D89EC2A3CB7BF00484F7F /* Assets.xcassets */ = {isa = PBXFileReference; lastKnownFileType = folder.assetcatalog; path = Assets.xcassets; sourceTree = "<group>"; };
		BD88CA812A3B8D7600A1865A /* results.swift */ = {isa = PBXFileReference; lastKnownFileType = sourcecode.swift; path = results.swift; sourceTree = "<group>"; };
/* End PBXFileReference section */

/* Begin PBXFrameworksBuildPhase section */
		BD1B433B2A38BF8A001E36C5 /* Frameworks */ = {
			isa = PBXFrameworksBuildPhase;
			buildActionMask = 2147483647;
			files = (
				BD1B43512A38C4AA001E36C5 /* FLAnimatedImage in Frameworks */,
			);
			runOnlyForDeploymentPostprocessing = 0;
		};
/* End PBXFrameworksBuildPhase section */

/* Begin PBXGroup section */
		BD1B43352A38BF8A001E36C5 = {
			isa = PBXGroup;
			children = (
				BD1B43402A38BF8A001E36C5 /* GlowTone */,
				BD1B433F2A38BF8A001E36C5 /* Products */,
			);
			sourceTree = "<group>";
		};
		BD1B433F2A38BF8A001E36C5 /* Products */ = {
			isa = PBXGroup;
			children = (
				BD1B433E2A38BF8A001E36C5 /* GlowTone.app */,
			);
			name = Products;
			sourceTree = "<group>";
		};
		BD1B43402A38BF8A001E36C5 /* GlowTone */ = {
			isa = PBXGroup;
			children = (
				BD1B43412A38BF8A001E36C5 /* GlowToneApp.swift */,
				BD7D89EC2A3CB7BF00484F7F /* Assets.xcassets */,
				BD1B43432A38BF8A001E36C5 /* ContentView.swift */,
				BD3B2DAB2A3A27BD00D40174 /* view5.swift */,
				BD3B2DA92A3A267300D40174 /* view4.swift */,
				BD3B2DA72A3A14D300D40174 /* view2.swift */,
				BD6EED842A3A58DB00B950B5 /* quizhair6.swift */,
				BD6EED802A3A588A00B950B5 /* quizhair4.swift */,
				BD6EED822A3A58C100B950B5 /* quizhair5.swift */,
				BD6EED7C2A3A57B700B950B5 /* quizhair2.swift */,
				BD6EED7E2A3A580A00B950B5 /* quizhair3.swift */,
				BD3B2DAF2A3A404F00D40174 /* quizhair1.swift */,
				BD6EED862A3A594600B950B5 /* quiz2.swift */,
				BD6EED8C2A3B592B00B950B5 /* quizeye2.swift */,
				BD6EED8E2A3B594200B950B5 /* quizeye3.swift */,
				BD6EED902A3B595B00B950B5 /* quizeye4.swift */,
				BD6EED922A3B596700B950B5 /* quizeye5.swift */,
				BD6EED942A3B597600B950B5 /* quizeye6.swift */,
				BD1B43542A390277001E36C5 /* view3.swift */,
				BD6EED882A3A5EAD00B950B5 /* quiz3.swift */,
				BD88CA812A3B8D7600A1865A /* results.swift */,
				BD6EED962A3B5A6A00B950B5 /* quizskin1.swift */,
				BD6EED982A3B5A7E00B950B5 /* quizskin2.swift */,
				BD6EED9C2A3B5A9700B950B5 /* quizskin4.swift */,
				BD6EED9E2A3B5AA300B950B5 /* quizskin5.swift */,
				BD6EEDA02A3B5AC400B950B5 /* quizskin6.swift */,
				BD1B43472A38BF8B001E36C5 /* Preview Content */,
			);
			path = GlowTone;
			sourceTree = "<group>";
		};
		BD1B43472A38BF8B001E36C5 /* Preview Content */ = {
			isa = PBXGroup;
			children = (
			);
			path = "Preview Content";
			sourceTree = "<group>";
		};
/* End PBXGroup section */

/* Begin PBXNativeTarget section */
		BD1B433D2A38BF8A001E36C5 /* GlowTone */ = {
			isa = PBXNativeTarget;
			buildConfigurationList = BD1B434C2A38BF8B001E36C5 /* Build configuration list for PBXNativeTarget "GlowTone" */;
			buildPhases = (
				BD1B433A2A38BF8A001E36C5 /* Sources */,
				BD1B433B2A38BF8A001E36C5 /* Frameworks */,
				BD1B433C2A38BF8A001E36C5 /* Resources */,
			);
			buildRules = (
			);
			dependencies = (
			);
			name = GlowTone;
			packageProductDependencies = (
				BD1B43502A38C4AA001E36C5 /* FLAnimatedImage */,
			);
			productName = GlowTone;
			productReference = BD1B433E2A38BF8A001E36C5 /* GlowTone.app */;
			productType = "com.apple.product-type.application";
		};
/* End PBXNativeTarget section */

/* Begin PBXProject section */
		BD1B43362A38BF8A001E36C5 /* Project object */ = {
			isa = PBXProject;
			attributes = {
				BuildIndependentTargetsInParallel = 1;
				LastSwiftUpdateCheck = 1430;
				LastUpgradeCheck = 1430;
				TargetAttributes = {
					BD1B433D2A38BF8A001E36C5 = {
						CreatedOnToolsVersion = 14.3.1;
					};
				};
			};
			buildConfigurationList = BD1B43392A38BF8A001E36C5 /* Build configuration list for PBXProject "GlowTone" */;
			compatibilityVersion = "Xcode 14.0";
			developmentRegion = en;
			hasScannedForEncodings = 0;
			knownRegions = (
				en,
				Base,
			);
			mainGroup = BD1B43352A38BF8A001E36C5;
			packageReferences = (
				BD1B434F2A38C4AA001E36C5 /* XCRemoteSwiftPackageReference "FLAnimatedImage" */,
			);
			productRefGroup = BD1B433F2A38BF8A001E36C5 /* Products */;
			projectDirPath = "";
			projectRoot = "";
			targets = (
				BD1B433D2A38BF8A001E36C5 /* GlowTone */,
			);
		};
/* End PBXProject section */

/* Begin PBXResourcesBuildPhase section */
		BD1B433C2A38BF8A001E36C5 /* Resources */ = {
			isa = PBXResourcesBuildPhase;
			buildActionMask = 2147483647;
			files = (
				BD7D89ED2A3CB7BF00484F7F /* Assets.xcassets in Resources */,
			);
			runOnlyForDeploymentPostprocessing = 0;
		};
/* End PBXResourcesBuildPhase section */

/* Begin PBXSourcesBuildPhase section */
		BD1B433A2A38BF8A001E36C5 /* Sources */ = {
			isa = PBXSourcesBuildPhase;
			buildActionMask = 2147483647;
			files = (
				BD3B2DB02A3A404F00D40174 /* quizhair1.swift in Sources */,
				BD1B43442A38BF8A001E36C5 /* ContentView.swift in Sources */,
				BD6EED852A3A58DB00B950B5 /* quizhair6.swift in Sources */,
				BD6EEDA12A3B5AC400B950B5 /* quizskin6.swift in Sources */,
				BD1B43422A38BF8A001E36C5 /* GlowToneApp.swift in Sources */,
				BD6EED932A3B596700B950B5 /* quizeye5.swift in Sources */,
				BD3B2DAC2A3A27BD00D40174 /* view5.swift in Sources */,
				BD6EED7D2A3A57B700B950B5 /* quizhair2.swift in Sources */,
				BD6EED872A3A594600B950B5 /* quiz2.swift in Sources */,
				BD6EED8D2A3B592B00B950B5 /* quizeye2.swift in Sources */,
				BD3B2DAA2A3A267300D40174 /* view4.swift in Sources */,
				BD6EED992A3B5A7E00B950B5 /* quizskin2.swift in Sources */,
				BD6EED972A3B5A6A00B950B5 /* quizskin1.swift in Sources */,
				BD1B43552A390277001E36C5 /* view3.swift in Sources */,
				BD6EED952A3B597600B950B5 /* quizeye6.swift in Sources */,
				BD6EED892A3A5EAD00B950B5 /* quiz3.swift in Sources */,
				BD6EED9F2A3B5AA300B950B5 /* quizskin5.swift in Sources */,
				BD6EED832A3A58C100B950B5 /* quizhair5.swift in Sources */,
				BD6EED7F2A3A580A00B950B5 /* quizhair3.swift in Sources */,
				BD3B2DA82A3A14D300D40174 /* view2.swift in Sources */,
				BD88CA822A3B8D7600A1865A /* results.swift in Sources */,
				BD6EED9D2A3B5A9700B950B5 /* quizskin4.swift in Sources */,
				BD6EED812A3A588A00B950B5 /* quizhair4.swift in Sources */,
				BD6EED8F2A3B594200B950B5 /* quizeye3.swift in Sources */,
				BD6EED912A3B595B00B950B5 /* quizeye4.swift in Sources */,
			);
			runOnlyForDeploymentPostprocessing = 0;
		};
/* End PBXSourcesBuildPhase section */

/* Begin XCBuildConfiguration section */
		BD1B434A2A38BF8B001E36C5 /* Debug */ = {
			isa = XCBuildConfiguration;
			buildSettings = {
				ALWAYS_SEARCH_USER_PATHS = NO;
				CLANG_ANALYZER_NONNULL = YES;
				CLANG_ANALYZER_NUMBER_OBJECT_CONVERSION = YES_AGGRESSIVE;
				CLANG_CXX_LANGUAGE_STANDARD = "gnu++20";
				CLANG_ENABLE_MODULES = YES;
				CLANG_ENABLE_OBJC_ARC = YES;
				CLANG_ENABLE_OBJC_WEAK = YES;
				CLANG_WARN_BLOCK_CAPTURE_AUTORELEASING = YES;
				CLANG_WARN_BOOL_CONVERSION = YES;
				CLANG_WARN_COMMA = YES;
				CLANG_WARN_CONSTANT_CONVERSION = YES;
				CLANG_WARN_DEPRECATED_OBJC_IMPLEMENTATIONS = YES;
				CLANG_WARN_DIRECT_OBJC_ISA_USAGE = YES_ERROR;
				CLANG_WARN_DOCUMENTATION_COMMENTS = YES;
				CLANG_WARN_EMPTY_BODY = YES;
				CLANG_WARN_ENUM_CONVERSION = YES;
				CLANG_WARN_INFINITE_RECURSION = YES;
				CLANG_WARN_INT_CONVERSION = YES;
				CLANG_WARN_NON_LITERAL_NULL_CONVERSION = YES;
				CLANG_WARN_OBJC_IMPLICIT_RETAIN_SELF = YES;
				CLANG_WARN_OBJC_LITERAL_CONVERSION = YES;
				CLANG_WARN_OBJC_ROOT_CLASS = YES_ERROR;
				CLANG_WARN_QUOTED_INCLUDE_IN_FRAMEWORK_HEADER = YES;
				CLANG_WARN_RANGE_LOOP_ANALYSIS = YES;
				CLANG_WARN_STRICT_PROTOTYPES = YES;
				CLANG_WARN_SUSPICIOUS_MOVE = YES;
				CLANG_WARN_UNGUARDED_AVAILABILITY = YES_AGGRESSIVE;
				CLANG_WARN_UNREACHABLE_CODE = YES;
				CLANG_WARN__DUPLICATE_METHOD_MATCH = YES;
				COPY_PHASE_STRIP = NO;
				DEBUG_INFORMATION_FORMAT = dwarf;
				ENABLE_STRICT_OBJC_MSGSEND = YES;
				ENABLE_TESTABILITY = YES;
				GCC_C_LANGUAGE_STANDARD = gnu11;
				GCC_DYNAMIC_NO_PIC = NO;
				GCC_NO_COMMON_BLOCKS = YES;
				GCC_OPTIMIZATION_LEVEL = 0;
				GCC_PREPROCESSOR_DEFINITIONS = (
					"DEBUG=1",
					"$(inherited)",
				);
				GCC_WARN_64_TO_32_BIT_CONVERSION = YES;
				GCC_WARN_ABOUT_RETURN_TYPE = YES_ERROR;
				GCC_WARN_UNDECLARED_SELECTOR = YES;
				GCC_WARN_UNINITIALIZED_AUTOS = YES_AGGRESSIVE;
				GCC_WARN_UNUSED_FUNCTION = YES;
				GCC_WARN_UNUSED_VARIABLE = YES;
				IPHONEOS_DEPLOYMENT_TARGET = 16.4;
				MTL_ENABLE_DEBUG_INFO = INCLUDE_SOURCE;
				MTL_FAST_MATH = YES;
				ONLY_ACTIVE_ARCH = YES;
				SDKROOT = iphoneos;
				SWIFT_ACTIVE_COMPILATION_CONDITIONS = DEBUG;
				SWIFT_OPTIMIZATION_LEVEL = "-Onone";
			};
			name = Debug;
		};
		BD1B434B2A38BF8B001E36C5 /* Release */ = {
			isa = XCBuildConfiguration;
			buildSettings = {
				ALWAYS_SEARCH_USER_PATHS = NO;
				CLANG_ANALYZER_NONNULL = YES;
				CLANG_ANALYZER_NUMBER_OBJECT_CONVERSION = YES_AGGRESSIVE;
				CLANG_CXX_LANGUAGE_STANDARD = "gnu++20";
				CLANG_ENABLE_MODULES = YES;
				CLANG_ENABLE_OBJC_ARC = YES;
				CLANG_ENABLE_OBJC_WEAK = YES;
				CLANG_WARN_BLOCK_CAPTURE_AUTORELEASING = YES;
				CLANG_WARN_BOOL_CONVERSION = YES;
				CLANG_WARN_COMMA = YES;
				CLANG_WARN_CONSTANT_CONVERSION = YES;
				CLANG_WARN_DEPRECATED_OBJC_IMPLEMENTATIONS = YES;
				CLANG_WARN_DIRECT_OBJC_ISA_USAGE = YES_ERROR;
				CLANG_WARN_DOCUMENTATION_COMMENTS = YES;
				CLANG_WARN_EMPTY_BODY = YES;
				CLANG_WARN_ENUM_CONVERSION = YES;
				CLANG_WARN_INFINITE_RECURSION = YES;
				CLANG_WARN_INT_CONVERSION = YES;
				CLANG_WARN_NON_LITERAL_NULL_CONVERSION = YES;
				CLANG_WARN_OBJC_IMPLICIT_RETAIN_SELF = YES;
				CLANG_WARN_OBJC_LITERAL_CONVERSION = YES;
				CLANG_WARN_OBJC_ROOT_CLASS = YES_ERROR;
				CLANG_WARN_QUOTED_INCLUDE_IN_FRAMEWORK_HEADER = YES;
				CLANG_WARN_RANGE_LOOP_ANALYSIS = YES;
				CLANG_WARN_STRICT_PROTOTYPES = YES;
				CLANG_WARN_SUSPICIOUS_MOVE = YES;
				CLANG_WARN_UNGUARDED_AVAILABILITY = YES_AGGRESSIVE;
				CLANG_WARN_UNREACHABLE_CODE = YES;
				CLANG_WARN__DUPLICATE_METHOD_MATCH = YES;
				COPY_PHASE_STRIP = NO;
				DEBUG_INFORMATION_FORMAT = "dwarf-with-dsym";
				ENABLE_NS_ASSERTIONS = NO;
				ENABLE_STRICT_OBJC_MSGSEND = YES;
				GCC_C_LANGUAGE_STANDARD = gnu11;
				GCC_NO_COMMON_BLOCKS = YES;
				GCC_WARN_64_TO_32_BIT_CONVERSION = YES;
				GCC_WARN_ABOUT_RETURN_TYPE = YES_ERROR;
				GCC_WARN_UNDECLARED_SELECTOR = YES;
				GCC_WARN_UNINITIALIZED_AUTOS = YES_AGGRESSIVE;
				GCC_WARN_UNUSED_FUNCTION = YES;
				GCC_WARN_UNUSED_VARIABLE = YES;
				IPHONEOS_DEPLOYMENT_TARGET = 16.4;
				MTL_ENABLE_DEBUG_INFO = NO;
				MTL_FAST_MATH = YES;
				SDKROOT = iphoneos;
				SWIFT_COMPILATION_MODE = wholemodule;
				SWIFT_OPTIMIZATION_LEVEL = "-O";
				VALIDATE_PRODUCT = YES;
			};
			name = Release;
		};
		BD1B434D2A38BF8B001E36C5 /* Debug */ = {
			isa = XCBuildConfiguration;
			buildSettings = {
				ASSETCATALOG_COMPILER_APPICON_NAME = AppIcon;
				ASSETCATALOG_COMPILER_GLOBAL_ACCENT_COLOR_NAME = AccentColor;
				CODE_SIGN_STYLE = Automatic;
				CURRENT_PROJECT_VERSION = 1;
				DEVELOPMENT_ASSET_PATHS = "\"GlowTone/Preview Content\"";
				ENABLE_PREVIEWS = YES;
				GENERATE_INFOPLIST_FILE = YES;
				INFOPLIST_KEY_UIApplicationSceneManifest_Generation = YES;
				INFOPLIST_KEY_UIApplicationSupportsIndirectInputEvents = YES;
				INFOPLIST_KEY_UILaunchScreen_Generation = YES;
				INFOPLIST_KEY_UISupportedInterfaceOrientations_iPad = "UIInterfaceOrientationPortrait UIInterfaceOrientationPortraitUpsideDown UIInterfaceOrientationLandscapeLeft UIInterfaceOrientationLandscapeRight";
				INFOPLIST_KEY_UISupportedInterfaceOrientations_iPhone = "UIInterfaceOrientationPortrait UIInterfaceOrientationLandscapeLeft UIInterfaceOrientationLandscapeRight";
				LD_RUNPATH_SEARCH_PATHS = (
					"$(inherited)",
					"@executable_path/Frameworks",
				);
				MARKETING_VERSION = 1.0;
				PRODUCT_BUNDLE_IDENTIFIER = KWK.GlowTone;
				PRODUCT_NAME = "$(TARGET_NAME)";
				SWIFT_EMIT_LOC_STRINGS = YES;
				SWIFT_VERSION = 5.0;
				TARGETED_DEVICE_FAMILY = "1,2";
			};
			name = Debug;
		};
		BD1B434E2A38BF8B001E36C5 /* Release */ = {
			isa = XCBuildConfiguration;
			buildSettings = {
				ASSETCATALOG_COMPILER_APPICON_NAME = AppIcon;
				ASSETCATALOG_COMPILER_GLOBAL_ACCENT_COLOR_NAME = AccentColor;
				CODE_SIGN_STYLE = Automatic;
				CURRENT_PROJECT_VERSION = 1;
				DEVELOPMENT_ASSET_PATHS = "\"GlowTone/Preview Content\"";
				ENABLE_PREVIEWS = YES;
				GENERATE_INFOPLIST_FILE = YES;
				INFOPLIST_KEY_UIApplicationSceneManifest_Generation = YES;
				INFOPLIST_KEY_UIApplicationSupportsIndirectInputEvents = YES;
				INFOPLIST_KEY_UILaunchScreen_Generation = YES;
				INFOPLIST_KEY_UISupportedInterfaceOrientations_iPad = "UIInterfaceOrientationPortrait UIInterfaceOrientationPortraitUpsideDown UIInterfaceOrientationLandscapeLeft UIInterfaceOrientationLandscapeRight";
				INFOPLIST_KEY_UISupportedInterfaceOrientations_iPhone = "UIInterfaceOrientationPortrait UIInterfaceOrientationLandscapeLeft UIInterfaceOrientationLandscapeRight";
				LD_RUNPATH_SEARCH_PATHS = (
					"$(inherited)",
					"@executable_path/Frameworks",
				);
				MARKETING_VERSION = 1.0;
				PRODUCT_BUNDLE_IDENTIFIER = KWK.GlowTone;
				PRODUCT_NAME = "$(TARGET_NAME)";
				SWIFT_EMIT_LOC_STRINGS = YES;
				SWIFT_VERSION = 5.0;
				TARGETED_DEVICE_FAMILY = "1,2";
			};
			name = Release;
		};
/* End XCBuildConfiguration section */

/* Begin XCConfigurationList section */
		BD1B43392A38BF8A001E36C5 /* Build configuration list for PBXProject "GlowTone" */ = {
			isa = XCConfigurationList;
			buildConfigurations = (
				BD1B434A2A38BF8B001E36C5 /* Debug */,
				BD1B434B2A38BF8B001E36C5 /* Release */,
			);
			defaultConfigurationIsVisible = 0;
			defaultConfigurationName = Release;
		};
		BD1B434C2A38BF8B001E36C5 /* Build configuration list for PBXNativeTarget "GlowTone" */ = {
			isa = XCConfigurationList;
			buildConfigurations = (
				BD1B434D2A38BF8B001E36C5 /* Debug */,
				BD1B434E2A38BF8B001E36C5 /* Release */,
			);
			defaultConfigurationIsVisible = 0;
			defaultConfigurationName = Release;
		};
/* End XCConfigurationList section */

/* Begin XCRemoteSwiftPackageReference section */
		BD1B434F2A38C4AA001E36C5 /* XCRemoteSwiftPackageReference "FLAnimatedImage" */ = {
			isa = XCRemoteSwiftPackageReference;
			repositoryURL = "https://github.com/Flipboard/FLAnimatedImage";
			requirement = {
				kind = upToNextMajorVersion;
				minimumVersion = 1.0.0;
			};
		};
/* End XCRemoteSwiftPackageReference section */

/* Begin XCSwiftPackageProductDependency section */
		BD1B43502A38C4AA001E36C5 /* FLAnimatedImage */ = {
			isa = XCSwiftPackageProductDependency;
			package = BD1B434F2A38C4AA001E36C5 /* XCRemoteSwiftPackageReference "FLAnimatedImage" */;
			productName = FLAnimatedImage;
		};
/* End XCSwiftPackageProductDependency section */
	};
	rootObject = BD1B43362A38BF8A001E36C5 /* Project object */;
}
